// !$*UTF8*$!
{
	archiveVersion = 1;
	classes = {
	};
	objectVersion = 56;
	objects = {

/* Begin PBXBuildFile section */
		90A98F8A2A4EBE0800B5134D /* BWeatherApp.swift in Sources */ = {isa = PBXBuildFile; fileRef = 90A98F892A4EBE0800B5134D /* BWeatherApp.swift */; };
		90A98F8C2A4EBE0800B5134D /* ContentView.swift in Sources */ = {isa = PBXBuildFile; fileRef = 90A98F8B2A4EBE0800B5134D /* ContentView.swift */; };
		90A98F8E2A4EBE0900B5134D /* Assets.xcassets in Resources */ = {isa = PBXBuildFile; fileRef = 90A98F8D2A4EBE0900B5134D /* Assets.xcassets */; };
		90A98F912A4EBE0900B5134D /* Preview Assets.xcassets in Resources */ = {isa = PBXBuildFile; fileRef = 90A98F902A4EBE0900B5134D /* Preview Assets.xcassets */; };
		90A98F9A2A4EC01300B5134D /* LocationManager.swift in Sources */ = {isa = PBXBuildFile; fileRef = 90A98F992A4EC01300B5134D /* LocationManager.swift */; };
		90A98F9E2A4EC18F00B5134D /* WelcomeView.swift in Sources */ = {isa = PBXBuildFile; fileRef = 90A98F9D2A4EC18F00B5134D /* WelcomeView.swift */; };
		90A98FA02A4EC59800B5134D /* LoadingView.swift in Sources */ = {isa = PBXBuildFile; fileRef = 90A98F9F2A4EC59800B5134D /* LoadingView.swift */; };
		90C9809B2A4EF812004A187A /* WeatherManager.swift in Sources */ = {isa = PBXBuildFile; fileRef = 90C9809A2A4EF812004A187A /* WeatherManager.swift */; };
		90C9809D2A4F01CB004A187A /* WeatherView.swift in Sources */ = {isa = PBXBuildFile; fileRef = 90C9809C2A4F01CB004A187A /* WeatherView.swift */; };
		90C980A32A4F02A1004A187A /* ModelData.swift in Sources */ = {isa = PBXBuildFile; fileRef = 90C980A22A4F02A1004A187A /* ModelData.swift */; };
		90C980A52A4F02E9004A187A /* weatherData.json in Resources */ = {isa = PBXBuildFile; fileRef = 90C980A42A4F02E9004A187A /* weatherData.json */; };
		90C980A72A4F0385004A187A /* Extensions.swift in Sources */ = {isa = PBXBuildFile; fileRef = 90C980A62A4F0385004A187A /* Extensions.swift */; };
		90C980AB2A4F04B2004A187A /* WeatherRow.swift in Sources */ = {isa = PBXBuildFile; fileRef = 90C980AA2A4F04B2004A187A /* WeatherRow.swift */; };
/* End PBXBuildFile section */

/* Begin PBXFileReference section */
		90A98F862A4EBE0800B5134D /* BWeather.app */ = {isa = PBXFileReference; explicitFileType = wrapper.application; includeInIndex = 0; path = BWeather.app; sourceTree = BUILT_PRODUCTS_DIR; };
		90A98F892A4EBE0800B5134D /* BWeatherApp.swift */ = {isa = PBXFileReference; lastKnownFileType = sourcecode.swift; path = BWeatherApp.swift; sourceTree = "<group>"; };
		90A98F8B2A4EBE0800B5134D /* ContentView.swift */ = {isa = PBXFileReference; lastKnownFileType = sourcecode.swift; path = ContentView.swift; sourceTree = "<group>"; };
		90A98F8D2A4EBE0900B5134D /* Assets.xcassets */ = {isa = PBXFileReference; lastKnownFileType = folder.assetcatalog; path = Assets.xcassets; sourceTree = "<group>"; };
		90A98F902A4EBE0900B5134D /* Preview Assets.xcassets */ = {isa = PBXFileReference; lastKnownFileType = folder.assetcatalog; path = "Preview Assets.xcassets"; sourceTree = "<group>"; };
		90A98F992A4EC01300B5134D /* LocationManager.swift */ = {isa = PBXFileReference; lastKnownFileType = sourcecode.swift; path = LocationManager.swift; sourceTree = "<group>"; };
		90A98F9D2A4EC18F00B5134D /* WelcomeView.swift */ = {isa = PBXFileReference; lastKnownFileType = sourcecode.swift; path = WelcomeView.swift; sourceTree = "<group>"; };
		90A98F9F2A4EC59800B5134D /* LoadingView.swift */ = {isa = PBXFileReference; lastKnownFileType = sourcecode.swift; path = LoadingView.swift; sourceTree = "<group>"; };
		90C9809A2A4EF812004A187A /* WeatherManager.swift */ = {isa = PBXFileReference; lastKnownFileType = sourcecode.swift; path = WeatherManager.swift; sourceTree = "<group>"; };
		90C9809C2A4F01CB004A187A /* WeatherView.swift */ = {isa = PBXFileReference; lastKnownFileType = sourcecode.swift; path = WeatherView.swift; sourceTree = "<group>"; };
		90C980A22A4F02A1004A187A /* ModelData.swift */ = {isa = PBXFileReference; lastKnownFileType = sourcecode.swift; path = ModelData.swift; sourceTree = "<group>"; };
		90C980A42A4F02E9004A187A /* weatherData.json */ = {isa = PBXFileReference; lastKnownFileType = text.json; path = weatherData.json; sourceTree = "<group>"; };
		90C980A62A4F0385004A187A /* Extensions.swift */ = {isa = PBXFileReference; lastKnownFileType = sourcecode.swift; path = Extensions.swift; sourceTree = "<group>"; };
		90C980AA2A4F04B2004A187A /* WeatherRow.swift */ = {isa = PBXFileReference; lastKnownFileType = sourcecode.swift; path = WeatherRow.swift; sourceTree = "<group>"; };
/* End PBXFileReference section */

/* Begin PBXFrameworksBuildPhase section */
		90A98F832A4EBE0800B5134D /* Frameworks */ = {
			isa = PBXFrameworksBuildPhase;
			buildActionMask = 2147483647;
			files = (
			);
			runOnlyForDeploymentPostprocessing = 0;
		};
/* End PBXFrameworksBuildPhase section */

/* Begin PBXGroup section */
		90A98F7D2A4EBE0800B5134D = {
			isa = PBXGroup;
			children = (
				90A98F882A4EBE0800B5134D /* BWeather */,
				90A98F872A4EBE0800B5134D /* Products */,
			);
			sourceTree = "<group>";
		};
		90A98F872A4EBE0800B5134D /* Products */ = {
			isa = PBXGroup;
			children = (
				90A98F862A4EBE0800B5134D /* BWeather.app */,
			);
			name = Products;
			sourceTree = "<group>";
		};
		90A98F882A4EBE0800B5134D /* BWeather */ = {
			isa = PBXGroup;
			children = (
				90A98F892A4EBE0800B5134D /* BWeatherApp.swift */,
				90C980A62A4F0385004A187A /* Extensions.swift */,
				90A98F9C2A4EC14E00B5134D /* Views */,
				90A98F982A4EBFF400B5134D /* Managers */,
				90A98F8D2A4EBE0900B5134D /* Assets.xcassets */,
				90C980A92A4F049A004A187A /* Components */,
				90A98F8F2A4EBE0900B5134D /* Preview Content */,
			);
			path = BWeather;
			sourceTree = "<group>";
		};
		90A98F8F2A4EBE0900B5134D /* Preview Content */ = {
			isa = PBXGroup;
			children = (
				90A98F902A4EBE0900B5134D /* Preview Assets.xcassets */,
				90C980A22A4F02A1004A187A /* ModelData.swift */,
				90C980A42A4F02E9004A187A /* weatherData.json */,
			);
			path = "Preview Content";
			sourceTree = "<group>";
		};
		90A98F982A4EBFF400B5134D /* Managers */ = {
			isa = PBXGroup;
			children = (
				90A98F992A4EC01300B5134D /* LocationManager.swift */,
				90C9809A2A4EF812004A187A /* WeatherManager.swift */,
			);
			path = Managers;
			sourceTree = "<group>";
		};
		90A98F9C2A4EC14E00B5134D /* Views */ = {
			isa = PBXGroup;
			children = (
				90A98F8B2A4EBE0800B5134D /* ContentView.swift */,
				90A98F9D2A4EC18F00B5134D /* WelcomeView.swift */,
				90A98F9F2A4EC59800B5134D /* LoadingView.swift */,
				90C9809C2A4F01CB004A187A /* WeatherView.swift */,
			);
			path = Views;
			sourceTree = "<group>";
		};
		90C980A92A4F049A004A187A /* Components */ = {
			isa = PBXGroup;
			children = (
				90C980AA2A4F04B2004A187A /* WeatherRow.swift */,
			);
			path = Components;
			sourceTree = "<group>";
		};
/* End PBXGroup section */

/* Begin PBXNativeTarget section */
		90A98F852A4EBE0800B5134D /* BWeather */ = {
			isa = PBXNativeTarget;
			buildConfigurationList = 90A98F942A4EBE0900B5134D /* Build configuration list for PBXNativeTarget "BWeather" */;
			buildPhases = (
				90A98F822A4EBE0800B5134D /* Sources */,
				90A98F832A4EBE0800B5134D /* Frameworks */,
				90A98F842A4EBE0800B5134D /* Resources */,
			);
			buildRules = (
			);
			dependencies = (
			);
			name = BWeather;
			productName = BWeather;
			productReference = 90A98F862A4EBE0800B5134D /* BWeather.app */;
			productType = "com.apple.product-type.application";
		};
/* End PBXNativeTarget section */

/* Begin PBXProject section */
		90A98F7E2A4EBE0800B5134D /* Project object */ = {
			isa = PBXProject;
			attributes = {
				BuildIndependentTargetsInParallel = 1;
				LastSwiftUpdateCheck = 1430;
				LastUpgradeCheck = 1430;
				TargetAttributes = {
					90A98F852A4EBE0800B5134D = {
						CreatedOnToolsVersion = 14.3.1;
					};
				};
			};
			buildConfigurationList = 90A98F812A4EBE0800B5134D /* Build configuration list for PBXProject "BWeather" */;
			compatibilityVersion = "Xcode 14.0";
			developmentRegion = en;
			hasScannedForEncodings = 0;
			knownRegions = (
				en,
				Base,
			);
			mainGroup = 90A98F7D2A4EBE0800B5134D;
			productRefGroup = 90A98F872A4EBE0800B5134D /* Products */;
			projectDirPath = "";
			projectRoot = "";
			targets = (
				90A98F852A4EBE0800B5134D /* BWeather */,
			);
		};
/* End PBXProject section */

/* Begin PBXResourcesBuildPhase section */
		90A98F842A4EBE0800B5134D /* Resources */ = {
			isa = PBXResourcesBuildPhase;
			buildActionMask = 2147483647;
			files = (
				90A98F912A4EBE0900B5134D /* Preview Assets.xcassets in Resources */,
				90C980A52A4F02E9004A187A /* weatherData.json in Resources */,
				90A98F8E2A4EBE0900B5134D /* Assets.xcassets in Resources */,
			);
			runOnlyForDeploymentPostprocessing = 0;
		};
/* End PBXResourcesBuildPhase section */

/* Begin PBXSourcesBuildPhase section */
		90A98F822A4EBE0800B5134D /* Sources */ = {
			isa = PBXSourcesBuildPhase;
			buildActionMask = 2147483647;
			files = (
				90C9809B2A4EF812004A187A /* WeatherManager.swift in Sources */,
				90C980A72A4F0385004A187A /* Extensions.swift in Sources */,
				90A98F8C2A4EBE0800B5134D /* ContentView.swift in Sources */,
				90A98F8A2A4EBE0800B5134D /* BWeatherApp.swift in Sources */,
				90A98F9A2A4EC01300B5134D /* LocationManager.swift in Sources */,
				90C980AB2A4F04B2004A187A /* WeatherRow.swift in Sources */,
				90A98FA02A4EC59800B5134D /* LoadingView.swift in Sources */,
				90C980A32A4F02A1004A187A /* ModelData.swift in Sources */,
				90C9809D2A4F01CB004A187A /* WeatherView.swift in Sources */,
				90A98F9E2A4EC18F00B5134D /* WelcomeView.swift in Sources */,
			);
			runOnlyForDeploymentPostprocessing = 0;
		};
/* End PBXSourcesBuildPhase section */

/* Begin XCBuildConfiguration section */
		90A98F922A4EBE0900B5134D /* Debug */ = {
			isa = XCBuildConfiguration;
			buildSettings = {
				ALWAYS_SEARCH_USER_PATHS = NO;
				CLANG_ANALYZER_NONNULL = YES;
				CLANG_ANALYZER_NUMBER_OBJECT_CONVERSION = YES_AGGRESSIVE;
				CLANG_CXX_LANGUAGE_STANDARD = "gnu++20";
				CLANG_ENABLE_MODULES = YES;
				CLANG_ENABLE_OBJC_ARC = YES;
				CLANG_ENABLE_OBJC_WEAK = YES;
				CLANG_WARN_BLOCK_CAPTURE_AUTORELEASING = YES;
				CLANG_WARN_BOOL_CONVERSION = YES;
				CLANG_WARN_COMMA = YES;
				CLANG_WARN_CONSTANT_CONVERSION = YES;
				CLANG_WARN_DEPRECATED_OBJC_IMPLEMENTATIONS = YES;
				CLANG_WARN_DIRECT_OBJC_ISA_USAGE = YES_ERROR;
				CLANG_WARN_DOCUMENTATION_COMMENTS = YES;
				CLANG_WARN_EMPTY_BODY = YES;
				CLANG_WARN_ENUM_CONVERSION = YES;
				CLANG_WARN_INFINITE_RECURSION = YES;
				CLANG_WARN_INT_CONVERSION = YES;
				CLANG_WARN_NON_LITERAL_NULL_CONVERSION = YES;
				CLANG_WARN_OBJC_IMPLICIT_RETAIN_SELF = YES;
				CLANG_WARN_OBJC_LITERAL_CONVERSION = YES;
				CLANG_WARN_OBJC_ROOT_CLASS = YES_ERROR;
				CLANG_WARN_QUOTED_INCLUDE_IN_FRAMEWORK_HEADER = YES;
				CLANG_WARN_RANGE_LOOP_ANALYSIS = YES;
				CLANG_WARN_STRICT_PROTOTYPES = YES;
				CLANG_WARN_SUSPICIOUS_MOVE = YES;
				CLANG_WARN_UNGUARDED_AVAILABILITY = YES_AGGRESSIVE;
				CLANG_WARN_UNREACHABLE_CODE = YES;
				CLANG_WARN__DUPLICATE_METHOD_MATCH = YES;
				COPY_PHASE_STRIP = NO;
				DEBUG_INFORMATION_FORMAT = dwarf;
				ENABLE_STRICT_OBJC_MSGSEND = YES;
				ENABLE_TESTABILITY = YES;
				GCC_C_LANGUAGE_STANDARD = gnu11;
				GCC_DYNAMIC_NO_PIC = NO;
				GCC_NO_COMMON_BLOCKS = YES;
				GCC_OPTIMIZATION_LEVEL = 0;
				GCC_PREPROCESSOR_DEFINITIONS = (
					"DEBUG=1",
					"$(inherited)",
				);
				GCC_WARN_64_TO_32_BIT_CONVERSION = YES;
				GCC_WARN_ABOUT_RETURN_TYPE = YES_ERROR;
				GCC_WARN_UNDECLARED_SELECTOR = YES;
				GCC_WARN_UNINITIALIZED_AUTOS = YES_AGGRESSIVE;
				GCC_WARN_UNUSED_FUNCTION = YES;
				GCC_WARN_UNUSED_VARIABLE = YES;
				IPHONEOS_DEPLOYMENT_TARGET = 15.0;
				MTL_ENABLE_DEBUG_INFO = INCLUDE_SOURCE;
				MTL_FAST_MATH = YES;
				ONLY_ACTIVE_ARCH = YES;
				SDKROOT = iphoneos;
				SWIFT_ACTIVE_COMPILATION_CONDITIONS = DEBUG;
				SWIFT_OPTIMIZATION_LEVEL = "-Onone";
			};
			name = Debug;
		};
		90A98F932A4EBE0900B5134D /* Release */ = {
			isa = XCBuildConfiguration;
			buildSettings = {
				ALWAYS_SEARCH_USER_PATHS = NO;
				CLANG_ANALYZER_NONNULL = YES;
				CLANG_ANALYZER_NUMBER_OBJECT_CONVERSION = YES_AGGRESSIVE;
				CLANG_CXX_LANGUAGE_STANDARD = "gnu++20";
				CLANG_ENABLE_MODULES = YES;
				CLANG_ENABLE_OBJC_ARC = YES;
				CLANG_ENABLE_OBJC_WEAK = YES;
				CLANG_WARN_BLOCK_CAPTURE_AUTORELEASING = YES;
				CLANG_WARN_BOOL_CONVERSION = YES;
				CLANG_WARN_COMMA = YES;
				CLANG_WARN_CONSTANT_CONVERSION = YES;
				CLANG_WARN_DEPRECATED_OBJC_IMPLEMENTATIONS = YES;
				CLANG_WARN_DIRECT_OBJC_ISA_USAGE = YES_ERROR;
				CLANG_WARN_DOCUMENTATION_COMMENTS = YES;
				CLANG_WARN_EMPTY_BODY = YES;
				CLANG_WARN_ENUM_CONVERSION = YES;
				CLANG_WARN_INFINITE_RECURSION = YES;
				CLANG_WARN_INT_CONVERSION = YES;
				CLANG_WARN_NON_LITERAL_NULL_CONVERSION = YES;
				CLANG_WARN_OBJC_IMPLICIT_RETAIN_SELF = YES;
				CLANG_WARN_OBJC_LITERAL_CONVERSION = YES;
				CLANG_WARN_OBJC_ROOT_CLASS = YES_ERROR;
				CLANG_WARN_QUOTED_INCLUDE_IN_FRAMEWORK_HEADER = YES;
				CLANG_WARN_RANGE_LOOP_ANALYSIS = YES;
				CLANG_WARN_STRICT_PROTOTYPES = YES;
				CLANG_WARN_SUSPICIOUS_MOVE = YES;
				CLANG_WARN_UNGUARDED_AVAILABILITY = YES_AGGRESSIVE;
				CLANG_WARN_UNREACHABLE_CODE = YES;
				CLANG_WARN__DUPLICATE_METHOD_MATCH = YES;
				COPY_PHASE_STRIP = NO;
				DEBUG_INFORMATION_FORMAT = "dwarf-with-dsym";
				ENABLE_NS_ASSERTIONS = NO;
				ENABLE_STRICT_OBJC_MSGSEND = YES;
				GCC_C_LANGUAGE_STANDARD = gnu11;
				GCC_NO_COMMON_BLOCKS = YES;
				GCC_WARN_64_TO_32_BIT_CONVERSION = YES;
				GCC_WARN_ABOUT_RETURN_TYPE = YES_ERROR;
				GCC_WARN_UNDECLARED_SELECTOR = YES;
				GCC_WARN_UNINITIALIZED_AUTOS = YES_AGGRESSIVE;
				GCC_WARN_UNUSED_FUNCTION = YES;
				GCC_WARN_UNUSED_VARIABLE = YES;
				IPHONEOS_DEPLOYMENT_TARGET = 15.0;
				MTL_ENABLE_DEBUG_INFO = NO;
				MTL_FAST_MATH = YES;
				SDKROOT = iphoneos;
				SWIFT_COMPILATION_MODE = wholemodule;
				SWIFT_OPTIMIZATION_LEVEL = "-O";
				VALIDATE_PRODUCT = YES;
			};
			name = Release;
		};
		90A98F952A4EBE0900B5134D /* Debug */ = {
			isa = XCBuildConfiguration;
			buildSettings = {
				ASSETCATALOG_COMPILER_APPICON_NAME = AppIcon;
				ASSETCATALOG_COMPILER_GLOBAL_ACCENT_COLOR_NAME = AccentColor;
				CODE_SIGN_STYLE = Automatic;
				CURRENT_PROJECT_VERSION = 1;
				DEVELOPMENT_ASSET_PATHS = "\"BWeather/Preview Content\"";
				DEVELOPMENT_TEAM = 63WZLDK2RP;
				ENABLE_PREVIEWS = YES;
				GENERATE_INFOPLIST_FILE = YES;
				INFOPLIST_KEY_UIApplicationSceneManifest_Generation = YES;
				INFOPLIST_KEY_UIApplicationSupportsIndirectInputEvents = YES;
				INFOPLIST_KEY_UILaunchScreen_Generation = YES;
				INFOPLIST_KEY_UISupportedInterfaceOrientations_iPad = "UIInterfaceOrientationPortrait UIInterfaceOrientationPortraitUpsideDown UIInterfaceOrientationLandscapeLeft UIInterfaceOrientationLandscapeRight";
				INFOPLIST_KEY_UISupportedInterfaceOrientations_iPhone = "UIInterfaceOrientationPortrait UIInterfaceOrientationLandscapeLeft UIInterfaceOrientationLandscapeRight";
				IPHONEOS_DEPLOYMENT_TARGET = 15.0;
				LD_RUNPATH_SEARCH_PATHS = (
					"$(inherited)",
					"@executable_path/Frameworks",
				);
				MARKETING_VERSION = 1.0;
				PRODUCT_BUNDLE_IDENTIFIER = stpimm.xyz.BWeather;
				PRODUCT_NAME = "$(TARGET_NAME)";
				SUPPORTED_PLATFORMS = "iphoneos iphonesimulator";
				SUPPORTS_MACCATALYST = NO;
				SUPPORTS_MAC_DESIGNED_FOR_IPHONE_IPAD = NO;
				SWIFT_EMIT_LOC_STRINGS = YES;
				SWIFT_VERSION = 5.0;
				TARGETED_DEVICE_FAMILY = 1;
			};
			name = Debug;
		};
		90A98F962A4EBE0900B5134D /* Release */ = {
			isa = XCBuildConfiguration;
			buildSettings = {
				ASSETCATALOG_COMPILER_APPICON_NAME = AppIcon;
				ASSETCATALOG_COMPILER_GLOBAL_ACCENT_COLOR_NAME = AccentColor;
				CODE_SIGN_STYLE = Automatic;
				CURRENT_PROJECT_VERSION = 1;
				DEVELOPMENT_ASSET_PATHS = "\"BWeather/Preview Content\"";
				DEVELOPMENT_TEAM = 63WZLDK2RP;
				ENABLE_PREVIEWS = YES;
				GENERATE_INFOPLIST_FILE = YES;
				INFOPLIST_KEY_UIApplicationSceneManifest_Generation = YES;
				INFOPLIST_KEY_UIApplicationSupportsIndirectInputEvents = YES;
				INFOPLIST_KEY_UILaunchScreen_Generation = YES;
				INFOPLIST_KEY_UISupportedInterfaceOrientations_iPad = "UIInterfaceOrientationPortrait UIInterfaceOrientationPortraitUpsideDown UIInterfaceOrientationLandscapeLeft UIInterfaceOrientationLandscapeRight";
				INFOPLIST_KEY_UISupportedInterfaceOrientations_iPhone = "UIInterfaceOrientationPortrait UIInterfaceOrientationLandscapeLeft UIInterfaceOrientationLandscapeRight";
				IPHONEOS_DEPLOYMENT_TARGET = 15.0;
				LD_RUNPATH_SEARCH_PATHS = (
					"$(inherited)",
					"@executable_path/Frameworks",
				);
				MARKETING_VERSION = 1.0;
				PRODUCT_BUNDLE_IDENTIFIER = stpimm.xyz.BWeather;
				PRODUCT_NAME = "$(TARGET_NAME)";
				SUPPORTED_PLATFORMS = "iphoneos iphonesimulator";
				SUPPORTS_MACCATALYST = NO;
				SUPPORTS_MAC_DESIGNED_FOR_IPHONE_IPAD = NO;
				SWIFT_EMIT_LOC_STRINGS = YES;
				SWIFT_VERSION = 5.0;
				TARGETED_DEVICE_FAMILY = 1;
			};
			name = Release;
		};
/* End XCBuildConfiguration section */

/* Begin XCConfigurationList section */
		90A98F812A4EBE0800B5134D /* Build configuration list for PBXProject "BWeather" */ = {
			isa = XCConfigurationList;
			buildConfigurations = (
				90A98F922A4EBE0900B5134D /* Debug */,
				90A98F932A4EBE0900B5134D /* Release */,
			);
			defaultConfigurationIsVisible = 0;
			defaultConfigurationName = Release;
		};
		90A98F942A4EBE0900B5134D /* Build configuration list for PBXNativeTarget "BWeather" */ = {
			isa = XCConfigurationList;
			buildConfigurations = (
				90A98F952A4EBE0900B5134D /* Debug */,
				90A98F962A4EBE0900B5134D /* Release */,
			);
			defaultConfigurationIsVisible = 0;
			defaultConfigurationName = Release;
		};
/* End XCConfigurationList section */
	};
	rootObject = 90A98F7E2A4EBE0800B5134D /* Project object */;
}
